
Microsoft Visual Studio Solution File, Format Version 12.00
# Visual Studio Version 16
VisualStudioVersion = 16.0.28803.156
MinimumVisualStudioVersion = 10.0.40219.1
Project("{FAE04EC0-301F-11D3-BF4B-00C04F79EFBC}") = "ContinuosDeployment", "ContinuosDeployment\ContinuosDeployment.csproj", "{A8CB7FBF-1DE6-41F7-9F4B-0862AB862B28}"
EndProject
Global
	GlobalSection(SolutionConfigurationPlatforms) = preSolution
		Debug|Any CPU = Debug|Any CPU
		Release|Any CPU = Release|Any CPU
	EndGlobalSection
	GlobalSection(ProjectConfigurationPlatforms) = postSolution
		{A8CB7FBF-1DE6-41F7-9F4B-0862AB862B28}.Debug|Any CPU.ActiveCfg = Debug|Any CPU
		{A8CB7FBF-1DE6-41F7-9F4B-0862AB862B28}.Debug|Any CPU.Build.0 = Debug|Any CPU
		{A8CB7FBF-1DE6-41F7-9F4B-0862AB862B28}.Release|Any CPU.ActiveCfg = Release|Any CPU
		{A8CB7FBF-1DE6-41F7-9F4B-0862AB862B28}.Release|Any CPU.Build.0 = Release|Any CPU
	EndGlobalSection
	GlobalSection(SolutionProperties) = preSolution
		HideSolutionNode = FALSE
	EndGlobalSection
	GlobalSection(ExtensibilityGlobals) = postSolution
		SolutionGuid = {8A7217D2-57E1-4CE7-A77A-D8BC8995D95D}
	EndGlobalSection
EndGlobal
